// !$*UTF8*$!
{
	archiveVersion = 1;
	classes = {
	};
	objectVersion = 46;
	objects = {

/* Begin PBXBuildFile section */
		0178550A1DB6DA760039DA48 /* ViewController.swift in Sources */ = {isa = PBXBuildFile; fileRef = 017855091DB6DA760039DA48 /* ViewController.swift */; };
		0178550E1DB6DCE70039DA48 /* JSONParser.swift in Sources */ = {isa = PBXBuildFile; fileRef = 0178550B1DB6DCE70039DA48 /* JSONParser.swift */; };
		0178550F1DB6DCE70039DA48 /* Tweet.swift in Sources */ = {isa = PBXBuildFile; fileRef = 0178550C1DB6DCE70039DA48 /* Tweet.swift */; };
		017855101DB6DCE70039DA48 /* User.swift in Sources */ = {isa = PBXBuildFile; fileRef = 0178550D1DB6DCE70039DA48 /* User.swift */; };
		017855131DB6DD240039DA48 /* API.swift in Sources */ = {isa = PBXBuildFile; fileRef = 017855111DB6DD240039DA48 /* API.swift */; };
		017855141DB6DD240039DA48 /* AppDelegate.swift in Sources */ = {isa = PBXBuildFile; fileRef = 017855121DB6DD240039DA48 /* AppDelegate.swift */; };
		017855161DB6DD7A0039DA48 /* Tweet.JSON in Resources */ = {isa = PBXBuildFile; fileRef = 017855151DB6DD7A0039DA48 /* Tweet.JSON */; };
		0178551B1DB6DD9E0039DA48 /* LaunchScreen.storyboard in Resources */ = {isa = PBXBuildFile; fileRef = 017855171DB6DD9E0039DA48 /* LaunchScreen.storyboard */; };
		0178551C1DB6DD9E0039DA48 /* Main.storyboard in Resources */ = {isa = PBXBuildFile; fileRef = 017855191DB6DD9E0039DA48 /* Main.storyboard */; };
/* End PBXBuildFile section */

/* Begin PBXFileReference section */
		013D5B001DB5329B0058E8DB /* TwitterClient.app */ = {isa = PBXFileReference; explicitFileType = wrapper.application; includeInIndex = 0; path = TwitterClient.app; sourceTree = BUILT_PRODUCTS_DIR; };
		013D5B0F1DB5329C0058E8DB /* Info.plist */ = {isa = PBXFileReference; lastKnownFileType = text.plist.xml; path = Info.plist; sourceTree = "<group>"; };
		017855091DB6DA760039DA48 /* ViewController.swift */ = {isa = PBXFileReference; fileEncoding = 4; lastKnownFileType = sourcecode.swift; path = ViewController.swift; sourceTree = SOURCE_ROOT; };
		0178550B1DB6DCE70039DA48 /* JSONParser.swift */ = {isa = PBXFileReference; fileEncoding = 4; lastKnownFileType = sourcecode.swift; path = JSONParser.swift; sourceTree = SOURCE_ROOT; };
		0178550C1DB6DCE70039DA48 /* Tweet.swift */ = {isa = PBXFileReference; fileEncoding = 4; lastKnownFileType = sourcecode.swift; path = Tweet.swift; sourceTree = SOURCE_ROOT; };
		0178550D1DB6DCE70039DA48 /* User.swift */ = {isa = PBXFileReference; fileEncoding = 4; lastKnownFileType = sourcecode.swift; path = User.swift; sourceTree = SOURCE_ROOT; };
		017855111DB6DD240039DA48 /* API.swift */ = {isa = PBXFileReference; fileEncoding = 4; lastKnownFileType = sourcecode.swift; path = API.swift; sourceTree = SOURCE_ROOT; };
		017855121DB6DD240039DA48 /* AppDelegate.swift */ = {isa = PBXFileReference; fileEncoding = 4; lastKnownFileType = sourcecode.swift; path = AppDelegate.swift; sourceTree = SOURCE_ROOT; };
		017855151DB6DD7A0039DA48 /* Tweet.JSON */ = {isa = PBXFileReference; fileEncoding = 4; lastKnownFileType = text.json; path = Tweet.JSON; sourceTree = SOURCE_ROOT; };
		017855181DB6DD9E0039DA48 /* Base */ = {isa = PBXFileReference; lastKnownFileType = file.storyboard; name = Base; path = Base.lproj/LaunchScreen.storyboard; sourceTree = SOURCE_ROOT; };
		0178551A1DB6DD9E0039DA48 /* Base */ = {isa = PBXFileReference; lastKnownFileType = file.storyboard; name = Base; path = Base.lproj/Main.storyboard; sourceTree = SOURCE_ROOT; };
/* End PBXFileReference section */

/* Begin PBXFrameworksBuildPhase section */
		013D5AFD1DB5329B0058E8DB /* Frameworks */ = {
			isa = PBXFrameworksBuildPhase;
			buildActionMask = 2147483647;
			files = (
			);
			runOnlyForDeploymentPostprocessing = 0;
		};
/* End PBXFrameworksBuildPhase section */

/* Begin PBXGroup section */
		013D5AF71DB5329A0058E8DB = {
			isa = PBXGroup;
			children = (
				013D5B021DB5329B0058E8DB /* TwitterClient */,
				013D5B011DB5329B0058E8DB /* Products */,
			);
			sourceTree = "<group>";
		};
		013D5B011DB5329B0058E8DB /* Products */ = {
			isa = PBXGroup;
			children = (
				013D5B001DB5329B0058E8DB /* TwitterClient.app */,
			);
			name = Products;
			sourceTree = "<group>";
		};
		013D5B021DB5329B0058E8DB /* TwitterClient */ = {
			isa = PBXGroup;
			children = (
				017855151DB6DD7A0039DA48 /* Tweet.JSON */,
				013D5B1B1DB5442D0058E8DB /* MODEL */,
				017855091DB6DA760039DA48 /* ViewController.swift */,
				017855171DB6DD9E0039DA48 /* LaunchScreen.storyboard */,
				017855191DB6DD9E0039DA48 /* Main.storyboard */,
				013D5B0F1DB5329C0058E8DB /* Info.plist */,
			);
			path = TwitterClient;
			sourceTree = "<group>";
		};
		013D5B1B1DB5442D0058E8DB /* MODEL */ = {
			isa = PBXGroup;
			children = (
				0178550B1DB6DCE70039DA48 /* JSONParser.swift */,
				0178550C1DB6DCE70039DA48 /* Tweet.swift */,
				0178550D1DB6DCE70039DA48 /* User.swift */,
				017855111DB6DD240039DA48 /* API.swift */,
				017855121DB6DD240039DA48 /* AppDelegate.swift */,
			);
			name = MODEL;
			sourceTree = "<group>";
		};
/* End PBXGroup section */

/* Begin PBXNativeTarget section */
		013D5AFF1DB5329B0058E8DB /* TwitterClient */ = {
			isa = PBXNativeTarget;
			buildConfigurationList = 013D5B121DB5329C0058E8DB /* Build configuration list for PBXNativeTarget "TwitterClient" */;
			buildPhases = (
				013D5AFC1DB5329B0058E8DB /* Sources */,
				013D5AFD1DB5329B0058E8DB /* Frameworks */,
				013D5AFE1DB5329B0058E8DB /* Resources */,
			);
			buildRules = (
			);
			dependencies = (
			);
			name = TwitterClient;
			productName = TwitterClient;
			productReference = 013D5B001DB5329B0058E8DB /* TwitterClient.app */;
			productType = "com.apple.product-type.application";
		};
/* End PBXNativeTarget section */

/* Begin PBXProject section */
		013D5AF81DB5329A0058E8DB /* Project object */ = {
			isa = PBXProject;
			attributes = {
				LastSwiftUpdateCheck = 0800;
				LastUpgradeCheck = 0800;
				ORGANIZATIONNAME = "Corey Malek";
				TargetAttributes = {
					013D5AFF1DB5329B0058E8DB = {
						CreatedOnToolsVersion = 8.0;
						DevelopmentTeam = U5DE7QAC5B;
						ProvisioningStyle = Automatic;
					};
				};
			};
			buildConfigurationList = 013D5AFB1DB5329A0058E8DB /* Build configuration list for PBXProject "TwitterClient" */;
			compatibilityVersion = "Xcode 3.2";
			developmentRegion = English;
			hasScannedForEncodings = 0;
			knownRegions = (
				en,
				Base,
			);
			mainGroup = 013D5AF71DB5329A0058E8DB;
			productRefGroup = 013D5B011DB5329B0058E8DB /* Products */;
			projectDirPath = "";
			projectRoot = "";
			targets = (
				013D5AFF1DB5329B0058E8DB /* TwitterClient */,
			);
		};
/* End PBXProject section */

/* Begin PBXResourcesBuildPhase section */
		013D5AFE1DB5329B0058E8DB /* Resources */ = {
			isa = PBXResourcesBuildPhase;
			buildActionMask = 2147483647;
			files = (
				0178551B1DB6DD9E0039DA48 /* LaunchScreen.storyboard in Resources */,
				017855161DB6DD7A0039DA48 /* Tweet.JSON in Resources */,
				0178551C1DB6DD9E0039DA48 /* Main.storyboard in Resources */,
			);
			runOnlyForDeploymentPostprocessing = 0;
		};
/* End PBXResourcesBuildPhase section */

/* Begin PBXSourcesBuildPhase section */
		013D5AFC1DB5329B0058E8DB /* Sources */ = {
			isa = PBXSourcesBuildPhase;
			buildActionMask = 2147483647;
			files = (
				017855141DB6DD240039DA48 /* AppDelegate.swift in Sources */,
				0178550A1DB6DA760039DA48 /* ViewController.swift in Sources */,
				0178550E1DB6DCE70039DA48 /* JSONParser.swift in Sources */,
				017855101DB6DCE70039DA48 /* User.swift in Sources */,
				0178550F1DB6DCE70039DA48 /* Tweet.swift in Sources */,
				017855131DB6DD240039DA48 /* API.swift in Sources */,
			);
			runOnlyForDeploymentPostprocessing = 0;
		};
/* End PBXSourcesBuildPhase section */

/* Begin PBXVariantGroup section */
		017855171DB6DD9E0039DA48 /* LaunchScreen.storyboard */ = {
			isa = PBXVariantGroup;
			children = (
				017855181DB6DD9E0039DA48 /* Base */,
			);
			name = LaunchScreen.storyboard;
			sourceTree = "<group>";
		};
		017855191DB6DD9E0039DA48 /* Main.storyboard */ = {
			isa = PBXVariantGroup;
			children = (
				0178551A1DB6DD9E0039DA48 /* Base */,
			);
			name = Main.storyboard;
			sourceTree = "<group>";
		};
/* End PBXVariantGroup section */

/* Begin XCBuildConfiguration section */
		013D5B101DB5329C0058E8DB /* Debug */ = {
			isa = XCBuildConfiguration;
			buildSettings = {
				ALWAYS_SEARCH_USER_PATHS = NO;
				CLANG_ANALYZER_NONNULL = YES;
				CLANG_CXX_LANGUAGE_STANDARD = "gnu++0x";
				CLANG_CXX_LIBRARY = "libc++";
				CLANG_ENABLE_MODULES = YES;
				CLANG_ENABLE_OBJC_ARC = YES;
				CLANG_WARN_BOOL_CONVERSION = YES;
				CLANG_WARN_CONSTANT_CONVERSION = YES;
				CLANG_WARN_DIRECT_OBJC_ISA_USAGE = YES_ERROR;
				CLANG_WARN_DOCUMENTATION_COMMENTS = YES;
				CLANG_WARN_EMPTY_BODY = YES;
				CLANG_WARN_ENUM_CONVERSION = YES;
				CLANG_WARN_INFINITE_RECURSION = YES;
				CLANG_WARN_INT_CONVERSION = YES;
				CLANG_WARN_OBJC_ROOT_CLASS = YES_ERROR;
				CLANG_WARN_SUSPICIOUS_MOVES = YES;
				CLANG_WARN_UNREACHABLE_CODE = YES;
				CLANG_WARN__DUPLICATE_METHOD_MATCH = YES;
				"CODE_SIGN_IDENTITY[sdk=iphoneos*]" = "iPhone Developer";
				COPY_PHASE_STRIP = NO;
				DEBUG_INFORMATION_FORMAT = dwarf;
				ENABLE_STRICT_OBJC_MSGSEND = YES;
				ENABLE_TESTABILITY = YES;
				GCC_C_LANGUAGE_STANDARD = gnu99;
				GCC_DYNAMIC_NO_PIC = NO;
				GCC_NO_COMMON_BLOCKS = YES;
				GCC_OPTIMIZATION_LEVEL = 0;
				GCC_PREPROCESSOR_DEFINITIONS = (
					"DEBUG=1",
					"$(inherited)",
				);
				GCC_WARN_64_TO_32_BIT_CONVERSION = YES;
				GCC_WARN_ABOUT_RETURN_TYPE = YES_ERROR;
				GCC_WARN_UNDECLARED_SELECTOR = YES;
				GCC_WARN_UNINITIALIZED_AUTOS = YES_AGGRESSIVE;
				GCC_WARN_UNUSED_FUNCTION = YES;
				GCC_WARN_UNUSED_VARIABLE = YES;
				IPHONEOS_DEPLOYMENT_TARGET = 10.0;
				MTL_ENABLE_DEBUG_INFO = YES;
				ONLY_ACTIVE_ARCH = YES;
				SDKROOT = iphoneos;
				SWIFT_ACTIVE_COMPILATION_CONDITIONS = DEBUG;
				SWIFT_OPTIMIZATION_LEVEL = "-Onone";
				TARGETED_DEVICE_FAMILY = "1,2";
			};
			name = Debug;
		};
		013D5B111DB5329C0058E8DB /* Release */ = {
			isa = XCBuildConfiguration;
			buildSettings = {
				ALWAYS_SEARCH_USER_PATHS = NO;
				CLANG_ANALYZER_NONNULL = YES;
				CLANG_CXX_LANGUAGE_STANDARD = "gnu++0x";
				CLANG_CXX_LIBRARY = "libc++";
				CLANG_ENABLE_MODULES = YES;
				CLANG_ENABLE_OBJC_ARC = YES;
				CLANG_WARN_BOOL_CONVERSION = YES;
				CLANG_WARN_CONSTANT_CONVERSION = YES;
				CLANG_WARN_DIRECT_OBJC_ISA_USAGE = YES_ERROR;
				CLANG_WARN_DOCUMENTATION_COMMENTS = YES;
				CLANG_WARN_EMPTY_BODY = YES;
				CLANG_WARN_ENUM_CONVERSION = YES;
				CLANG_WARN_INFINITE_RECURSION = YES;
				CLANG_WARN_INT_CONVERSION = YES;
				CLANG_WARN_OBJC_ROOT_CLASS = YES_ERROR;
				CLANG_WARN_SUSPICIOUS_MOVES = YES;
				CLANG_WARN_UNREACHABLE_CODE = YES;
				CLANG_WARN__DUPLICATE_METHOD_MATCH = YES;
				"CODE_SIGN_IDENTITY[sdk=iphoneos*]" = "iPhone Developer";
				COPY_PHASE_STRIP = NO;
				DEBUG_INFORMATION_FORMAT = "dwarf-with-dsym";
				ENABLE_NS_ASSERTIONS = NO;
				ENABLE_STRICT_OBJC_MSGSEND = YES;
				GCC_C_LANGUAGE_STANDARD = gnu99;
				GCC_NO_COMMON_BLOCKS = YES;
				GCC_WARN_64_TO_32_BIT_CONVERSION = YES;
				GCC_WARN_ABOUT_RETURN_TYPE = YES_ERROR;
				GCC_WARN_UNDECLARED_SELECTOR = YES;
				GCC_WARN_UNINITIALIZED_AUTOS = YES_AGGRESSIVE;
				GCC_WARN_UNUSED_FUNCTION = YES;
				GCC_WARN_UNUSED_VARIABLE = YES;
				IPHONEOS_DEPLOYMENT_TARGET = 10.0;
				MTL_ENABLE_DEBUG_INFO = NO;
				SDKROOT = iphoneos;
				SWIFT_OPTIMIZATION_LEVEL = "-Owholemodule";
				TARGETED_DEVICE_FAMILY = "1,2";
				VALIDATE_PRODUCT = YES;
			};
			name = Release;
		};
		013D5B131DB5329C0058E8DB /* Debug */ = {
			isa = XCBuildConfiguration;
			buildSettings = {
				ASSETCATALOG_COMPILER_APPICON_NAME = AppIcon;
				DEVELOPMENT_TEAM = U5DE7QAC5B;
				INFOPLIST_FILE = "$(SRCROOT)/Info.plist";
				LD_RUNPATH_SEARCH_PATHS = "$(inherited) @executable_path/Frameworks";
				PRODUCT_BUNDLE_IDENTIFIER = com.coreymalek.TwitterClient;
				PRODUCT_NAME = "$(TARGET_NAME)";
				SWIFT_VERSION = 3.0;
			};
			name = Debug;
		};
		013D5B141DB5329C0058E8DB /* Release */ = {
			isa = XCBuildConfiguration;
			buildSettings = {
				ASSETCATALOG_COMPILER_APPICON_NAME = AppIcon;
				DEVELOPMENT_TEAM = U5DE7QAC5B;
				INFOPLIST_FILE = "$(SRCROOT)/Info.plist";
				LD_RUNPATH_SEARCH_PATHS = "$(inherited) @executable_path/Frameworks";
				PRODUCT_BUNDLE_IDENTIFIER = com.coreymalek.TwitterClient;
				PRODUCT_NAME = "$(TARGET_NAME)";
				SWIFT_VERSION = 3.0;
			};
			name = Release;
		};
/* End XCBuildConfiguration section */

/* Begin XCConfigurationList section */
		013D5AFB1DB5329A0058E8DB /* Build configuration list for PBXProject "TwitterClient" */ = {
			isa = XCConfigurationList;
			buildConfigurations = (
				013D5B101DB5329C0058E8DB /* Debug */,
				013D5B111DB5329C0058E8DB /* Release */,
			);
			defaultConfigurationIsVisible = 0;
			defaultConfigurationName = Release;
		};
		013D5B121DB5329C0058E8DB /* Build configuration list for PBXNativeTarget "TwitterClient" */ = {
			isa = XCConfigurationList;
			buildConfigurations = (
				013D5B131DB5329C0058E8DB /* Debug */,
				013D5B141DB5329C0058E8DB /* Release */,
			);
			defaultConfigurationIsVisible = 0;
			defaultConfigurationName = Release;
		};
/* End XCConfigurationList section */
	};
	rootObject = 013D5AF81DB5329A0058E8DB /* Project object */;
}
